
Microsoft Visual Studio Solution File, Format Version 12.00
# Visual Studio Version 17
VisualStudioVersion = 17.10.35027.167
MinimumVisualStudioVersion = 10.0.40219.1
Project("{9A19103F-16F7-4668-BE54-9A1E7A4F7556}") = "AutosTalalkozoEredmenyek", "AutosTalalkozoEredmenyek\AutosTalalkozoEredmenyek.csproj", "{56C1A583-BAAD-4B8D-95A1-EF52E505D2A2}"
EndProject
Project("{2150E333-8FDC-42A3-9474-1A3956D46DE8}") = "Solution Items", "Solution Items", "{A51E59F6-B45D-44F5-BE01-B15BF3A9C4E4}"
	ProjectSection(SolutionItems) = preProject
		.editorconfig = .editorconfig
	EndProjectSection
EndProject
Global
	GlobalSection(SolutionConfigurationPlatforms) = preSolution
		Debug|Any CPU = Debug|Any CPU
		Release|Any CPU = Release|Any CPU
	EndGlobalSection
	GlobalSection(ProjectConfigurationPlatforms) = postSolution
		{56C1A583-BAAD-4B8D-95A1-EF52E505D2A2}.Debug|Any CPU.ActiveCfg = Debug|Any CPU
		{56C1A583-BAAD-4B8D-95A1-EF52E505D2A2}.Debug|Any CPU.Build.0 = Debug|Any CPU
		{56C1A583-BAAD-4B8D-95A1-EF52E505D2A2}.Release|Any CPU.ActiveCfg = Release|Any CPU
		{56C1A583-BAAD-4B8D-95A1-EF52E505D2A2}.Release|Any CPU.Build.0 = Release|Any CPU
	EndGlobalSection
	GlobalSection(SolutionProperties) = preSolution
		HideSolutionNode = FALSE
	EndGlobalSection
	GlobalSection(ExtensibilityGlobals) = postSolution
		SolutionGuid = {785C79B7-AEFF-4411-BF4F-01E6C5E5A519}
	EndGlobalSection
EndGlobal
